
Microsoft Visual Studio Solution File, Format Version 12.00
# Visual Studio 2013
VisualStudioVersion = 12.0.31101.0
MinimumVisualStudioVersion = 10.0.40219.1
Project("{FAE04EC0-301F-11D3-BF4B-00C04F79EFBC}") = "MCMV3", "MCMV3\MCMV3.csproj", "{B81C0306-726E-4B46-BD5F-67567F309CA5}"
EndProject
Project("{FAE04EC0-301F-11D3-BF4B-00C04F79EFBC}") = "KMCCC.Pro", "KMCCC\KMCCC.Pro\KMCCC.Pro.csproj", "{4270E717-21EE-46CF-A55A-B8AF33BBCB54}"
EndProject
Global
	GlobalSection(SolutionConfigurationPlatforms) = preSolution
		Debug|Any CPU = Debug|Any CPU
		Release|Any CPU = Release|Any CPU
	EndGlobalSection
	GlobalSection(ProjectConfigurationPlatforms) = postSolution
		{B81C0306-726E-4B46-BD5F-67567F309CA5}.Debug|Any CPU.ActiveCfg = Debug|Any CPU
		{B81C0306-726E-4B46-BD5F-67567F309CA5}.Debug|Any CPU.Build.0 = Debug|Any CPU
		{B81C0306-726E-4B46-BD5F-67567F309CA5}.Release|Any CPU.ActiveCfg = Release|Any CPU
		{B81C0306-726E-4B46-BD5F-67567F309CA5}.Release|Any CPU.Build.0 = Release|Any CPU
		{4270E717-21EE-46CF-A55A-B8AF33BBCB54}.Debug|Any CPU.ActiveCfg = Debug|Any CPU
		{4270E717-21EE-46CF-A55A-B8AF33BBCB54}.Debug|Any CPU.Build.0 = Debug|Any CPU
		{4270E717-21EE-46CF-A55A-B8AF33BBCB54}.Release|Any CPU.ActiveCfg = Release|Any CPU
		{4270E717-21EE-46CF-A55A-B8AF33BBCB54}.Release|Any CPU.Build.0 = Release|Any CPU
	EndGlobalSection
	GlobalSection(SolutionProperties) = preSolution
		HideSolutionNode = FALSE
	EndGlobalSection
EndGlobal
